
Microsoft Visual Studio Solution File, Format Version 12.00
# Visual Studio Version 16
VisualStudioVersion = 16.0.31229.75
MinimumVisualStudioVersion = 10.0.40219.1
Project("{8BC9CEB8-8B4A-11D0-8D11-00A0C91BC942}") = "Test", "Test\Test.vcxproj", "{DEAB88B2-412B-4E8C-BCDA-B775D7A2B01F}"
EndProject
Global
	GlobalSection(SolutionConfigurationPlatforms) = preSolution
		Debug|x64 = Debug|x64
		Debug|x86 = Debug|x86
		Release|x64 = Release|x64
		Release|x86 = Release|x86
	EndGlobalSection
	GlobalSection(ProjectConfigurationPlatforms) = postSolution
		{DEAB88B2-412B-4E8C-BCDA-B775D7A2B01F}.Debug|x64.ActiveCfg = Debug|x64
		{DEAB88B2-412B-4E8C-BCDA-B775D7A2B01F}.Debug|x64.Build.0 = Debug|x64
		{DEAB88B2-412B-4E8C-BCDA-B775D7A2B01F}.Debug|x86.ActiveCfg = Debug|Win32
		{DEAB88B2-412B-4E8C-BCDA-B775D7A2B01F}.Debug|x86.Build.0 = Debug|Win32
		{DEAB88B2-412B-4E8C-BCDA-B775D7A2B01F}.Release|x64.ActiveCfg = Release|x64
		{DEAB88B2-412B-4E8C-BCDA-B775D7A2B01F}.Release|x64.Build.0 = Release|x64
		{DEAB88B2-412B-4E8C-BCDA-B775D7A2B01F}.Release|x86.ActiveCfg = Release|Win32
		{DEAB88B2-412B-4E8C-BCDA-B775D7A2B01F}.Release|x86.Build.0 = Release|Win32
	EndGlobalSection
	GlobalSection(SolutionProperties) = preSolution
		HideSolutionNode = FALSE
	EndGlobalSection
	GlobalSection(ExtensibilityGlobals) = postSolution
		SolutionGuid = {0FE652BE-725D-4F0C-9F31-B9597B81F980}
	EndGlobalSection
EndGlobal
